
Microsoft Visual Studio Solution File, Format Version 12.00
Project("{FAE04EC0-301F-11D3-BF4B-00C04F79EFBC}") = "scada-back", "scada-back.csproj", "{62A3800D-5CA6-44FF-B2B3-6CF7D5509A61}"
EndProject
Global
	GlobalSection(SolutionConfigurationPlatforms) = preSolution
		Debug|Any CPU = Debug|Any CPU
		Release|Any CPU = Release|Any CPU
	EndGlobalSection
	GlobalSection(ProjectConfigurationPlatforms) = postSolution
		{62A3800D-5CA6-44FF-B2B3-6CF7D5509A61}.Debug|Any CPU.ActiveCfg = Debug|Any CPU
		{62A3800D-5CA6-44FF-B2B3-6CF7D5509A61}.Debug|Any CPU.Build.0 = Debug|Any CPU
		{62A3800D-5CA6-44FF-B2B3-6CF7D5509A61}.Release|Any CPU.ActiveCfg = Release|Any CPU
		{62A3800D-5CA6-44FF-B2B3-6CF7D5509A61}.Release|Any CPU.Build.0 = Release|Any CPU
	EndGlobalSection
EndGlobal
