
Microsoft Visual Studio Solution File, Format Version 12.00
Project("{FAE04EC0-301F-11D3-BF4B-00C04F79EFBC}") = "scada-core", "scada-core\scada-core.csproj", "{A8AB0ED0-3A2E-4DCB-BCCB-74BA9B0AA09B}"
EndProject
Global
	GlobalSection(SolutionConfigurationPlatforms) = preSolution
		Debug|Any CPU = Debug|Any CPU
		Release|Any CPU = Release|Any CPU
	EndGlobalSection
	GlobalSection(ProjectConfigurationPlatforms) = postSolution
		{A8AB0ED0-3A2E-4DCB-BCCB-74BA9B0AA09B}.Debug|Any CPU.ActiveCfg = Debug|Any CPU
		{A8AB0ED0-3A2E-4DCB-BCCB-74BA9B0AA09B}.Debug|Any CPU.Build.0 = Debug|Any CPU
		{A8AB0ED0-3A2E-4DCB-BCCB-74BA9B0AA09B}.Release|Any CPU.ActiveCfg = Release|Any CPU
		{A8AB0ED0-3A2E-4DCB-BCCB-74BA9B0AA09B}.Release|Any CPU.Build.0 = Release|Any CPU
	EndGlobalSection
EndGlobal
