
Microsoft Visual Studio Solution File, Format Version 12.00
Project("{FAE04EC0-301F-11D3-BF4B-00C04F79EFBC}") = "scada-core", "scada-core.csproj", "{24CD75D4-B8B7-4E43-9788-A3631EA2EFEC}"
EndProject
Global
	GlobalSection(SolutionConfigurationPlatforms) = preSolution
		Debug|Any CPU = Debug|Any CPU
		Release|Any CPU = Release|Any CPU
	EndGlobalSection
	GlobalSection(ProjectConfigurationPlatforms) = postSolution
		{24CD75D4-B8B7-4E43-9788-A3631EA2EFEC}.Debug|Any CPU.ActiveCfg = Debug|Any CPU
		{24CD75D4-B8B7-4E43-9788-A3631EA2EFEC}.Debug|Any CPU.Build.0 = Debug|Any CPU
		{24CD75D4-B8B7-4E43-9788-A3631EA2EFEC}.Release|Any CPU.ActiveCfg = Release|Any CPU
		{24CD75D4-B8B7-4E43-9788-A3631EA2EFEC}.Release|Any CPU.Build.0 = Release|Any CPU
	EndGlobalSection
EndGlobal
